
Microsoft Visual Studio Solution File, Format Version 12.00
# Visual Studio Version 17
VisualStudioVersion = 17.6.33723.286
MinimumVisualStudioVersion = 10.0.40219.1
Project("{9A19103F-16F7-4668-BE54-9A1E7A4F7556}") = "IRCTCapplicationAPI", "IRCTCapplicationAPI\IRCTCapplicationAPI.csproj", "{C1ED94D0-2E34-4C3C-A887-29BFB400DE0A}"
EndProject
Project("{9A19103F-16F7-4668-BE54-9A1E7A4F7556}") = "IRCTCModel", "IRCTCModel\IRCTCModel.csproj", "{CBCAF24C-9E11-46D3-8EC5-52F270E03CA6}"
EndProject
Project("{FAE04EC0-301F-11D3-BF4B-00C04F79EFBC}") = "IRCTC.Repository", "IRCTC.Repository\IRCTC.Repository.csproj", "{8061EFFE-DAC7-40A5-8BD8-AA6FB205EAB3}"
EndProject
Global
	GlobalSection(SolutionConfigurationPlatforms) = preSolution
		Debug|Any CPU = Debug|Any CPU
		Release|Any CPU = Release|Any CPU
	EndGlobalSection
	GlobalSection(ProjectConfigurationPlatforms) = postSolution
		{C1ED94D0-2E34-4C3C-A887-29BFB400DE0A}.Debug|Any CPU.ActiveCfg = Debug|Any CPU
		{C1ED94D0-2E34-4C3C-A887-29BFB400DE0A}.Debug|Any CPU.Build.0 = Debug|Any CPU
		{C1ED94D0-2E34-4C3C-A887-29BFB400DE0A}.Release|Any CPU.ActiveCfg = Release|Any CPU
		{C1ED94D0-2E34-4C3C-A887-29BFB400DE0A}.Release|Any CPU.Build.0 = Release|Any CPU
		{CBCAF24C-9E11-46D3-8EC5-52F270E03CA6}.Debug|Any CPU.ActiveCfg = Debug|Any CPU
		{CBCAF24C-9E11-46D3-8EC5-52F270E03CA6}.Debug|Any CPU.Build.0 = Debug|Any CPU
		{CBCAF24C-9E11-46D3-8EC5-52F270E03CA6}.Release|Any CPU.ActiveCfg = Release|Any CPU
		{CBCAF24C-9E11-46D3-8EC5-52F270E03CA6}.Release|Any CPU.Build.0 = Release|Any CPU
		{8061EFFE-DAC7-40A5-8BD8-AA6FB205EAB3}.Debug|Any CPU.ActiveCfg = Debug|Any CPU
		{8061EFFE-DAC7-40A5-8BD8-AA6FB205EAB3}.Debug|Any CPU.Build.0 = Debug|Any CPU
		{8061EFFE-DAC7-40A5-8BD8-AA6FB205EAB3}.Release|Any CPU.ActiveCfg = Release|Any CPU
		{8061EFFE-DAC7-40A5-8BD8-AA6FB205EAB3}.Release|Any CPU.Build.0 = Release|Any CPU
	EndGlobalSection
	GlobalSection(SolutionProperties) = preSolution
		HideSolutionNode = FALSE
	EndGlobalSection
	GlobalSection(ExtensibilityGlobals) = postSolution
		SolutionGuid = {FC40D7E9-B927-4149-9639-84757039625E}
	EndGlobalSection
EndGlobal
